
Microsoft Visual Studio Solution File, Format Version 12.00
# Visual Studio Version 16
VisualStudioVersion = 16.0.29806.167
MinimumVisualStudioVersion = 10.0.40219.1
Project("{FAE04EC0-301F-11D3-BF4B-00C04F79EFBC}") = "EstruturaMVC", "EstruturaMVC\EstruturaMVC.csproj", "{442EE18D-30C2-48FF-9005-2BB74AE5179A}"
EndProject
Global
	GlobalSection(SolutionConfigurationPlatforms) = preSolution
		Debug|Any CPU = Debug|Any CPU
		Release|Any CPU = Release|Any CPU
	EndGlobalSection
	GlobalSection(ProjectConfigurationPlatforms) = postSolution
		{442EE18D-30C2-48FF-9005-2BB74AE5179A}.Debug|Any CPU.ActiveCfg = Debug|Any CPU
		{442EE18D-30C2-48FF-9005-2BB74AE5179A}.Debug|Any CPU.Build.0 = Debug|Any CPU
		{442EE18D-30C2-48FF-9005-2BB74AE5179A}.Release|Any CPU.ActiveCfg = Release|Any CPU
		{442EE18D-30C2-48FF-9005-2BB74AE5179A}.Release|Any CPU.Build.0 = Release|Any CPU
	EndGlobalSection
	GlobalSection(SolutionProperties) = preSolution
		HideSolutionNode = FALSE
	EndGlobalSection
	GlobalSection(ExtensibilityGlobals) = postSolution
		SolutionGuid = {2841B161-1410-446F-BAC1-0ABC40A77385}
	EndGlobalSection
EndGlobal
